// !$*UTF8*$!
{
	archiveVersion = 1;
	classes = {
	};
	objectVersion = 55;
	objects = {

/* Begin PBXBuildFile section */
		7F3E4844D3E2FD5E160CB52D /* Pods_CovidSearch.framework in Frameworks */ = {isa = PBXBuildFile; fileRef = 2C5562A1BCB8BCC6479965A6 /* Pods_CovidSearch.framework */; };
		E42D9919276B17C600E8D41D /* CovidSingleton.swift in Sources */ = {isa = PBXBuildFile; fileRef = E42D9918276B17C600E8D41D /* CovidSingleton.swift */; };
		E431CE7E2759F63200918CBF /* AppDelegate.swift in Sources */ = {isa = PBXBuildFile; fileRef = E431CE7D2759F63200918CBF /* AppDelegate.swift */; };
		E431CE802759F63200918CBF /* SceneDelegate.swift in Sources */ = {isa = PBXBuildFile; fileRef = E431CE7F2759F63200918CBF /* SceneDelegate.swift */; };
		E431CE822759F63200918CBF /* ViewController.swift in Sources */ = {isa = PBXBuildFile; fileRef = E431CE812759F63200918CBF /* ViewController.swift */; };
		E431CE852759F63200918CBF /* Main.storyboard in Resources */ = {isa = PBXBuildFile; fileRef = E431CE832759F63200918CBF /* Main.storyboard */; };
		E431CE872759F63200918CBF /* Assets.xcassets in Resources */ = {isa = PBXBuildFile; fileRef = E431CE862759F63200918CBF /* Assets.xcassets */; };
		E431CE8A2759F63200918CBF /* LaunchScreen.storyboard in Resources */ = {isa = PBXBuildFile; fileRef = E431CE882759F63200918CBF /* LaunchScreen.storyboard */; };
		E431CE922759F8D100918CBF /* Colors.swift in Sources */ = {isa = PBXBuildFile; fileRef = E431CE912759F8D100918CBF /* Colors.swift */; };
		E431CE94275E2C8300918CBF /* Entity.swift in Sources */ = {isa = PBXBuildFile; fileRef = E431CE93275E2C8300918CBF /* Entity.swift */; };
		E431CE96275E2D4800918CBF /* API.swift in Sources */ = {isa = PBXBuildFile; fileRef = E431CE95275E2D4800918CBF /* API.swift */; };
		E44A262A275F36F700A05EC6 /* HealthCheckViewController.swift in Sources */ = {isa = PBXBuildFile; fileRef = E44A2629275F36F700A05EC6 /* HealthCheckViewController.swift */; };
		E4C367622764695F00A566AF /* ChartViewController.swift in Sources */ = {isa = PBXBuildFile; fileRef = E4C367612764695F00A566AF /* ChartViewController.swift */; };
		E4C367642769C3F200A566AF /* CircleChartViewController.swift in Sources */ = {isa = PBXBuildFile; fileRef = E4C367632769C3F200A566AF /* CircleChartViewController.swift */; };
/* End PBXBuildFile section */

/* Begin PBXFileReference section */
		2C5562A1BCB8BCC6479965A6 /* Pods_CovidSearch.framework */ = {isa = PBXFileReference; explicitFileType = wrapper.framework; includeInIndex = 0; path = Pods_CovidSearch.framework; sourceTree = BUILT_PRODUCTS_DIR; };
		3BE89B968D4A5D846D759388 /* Pods-CovidSearch.release.xcconfig */ = {isa = PBXFileReference; includeInIndex = 1; lastKnownFileType = text.xcconfig; name = "Pods-CovidSearch.release.xcconfig"; path = "Target Support Files/Pods-CovidSearch/Pods-CovidSearch.release.xcconfig"; sourceTree = "<group>"; };
		6AD8AFA93DDEF0C972A5436B /* Pods-CovidSearch.debug.xcconfig */ = {isa = PBXFileReference; includeInIndex = 1; lastKnownFileType = text.xcconfig; name = "Pods-CovidSearch.debug.xcconfig"; path = "Target Support Files/Pods-CovidSearch/Pods-CovidSearch.debug.xcconfig"; sourceTree = "<group>"; };
		E42D9918276B17C600E8D41D /* CovidSingleton.swift */ = {isa = PBXFileReference; lastKnownFileType = sourcecode.swift; path = CovidSingleton.swift; sourceTree = "<group>"; };
		E431CE7A2759F63200918CBF /* CovidSearch.app */ = {isa = PBXFileReference; explicitFileType = wrapper.application; includeInIndex = 0; path = CovidSearch.app; sourceTree = BUILT_PRODUCTS_DIR; };
		E431CE7D2759F63200918CBF /* AppDelegate.swift */ = {isa = PBXFileReference; lastKnownFileType = sourcecode.swift; path = AppDelegate.swift; sourceTree = "<group>"; };
		E431CE7F2759F63200918CBF /* SceneDelegate.swift */ = {isa = PBXFileReference; lastKnownFileType = sourcecode.swift; path = SceneDelegate.swift; sourceTree = "<group>"; };
		E431CE812759F63200918CBF /* ViewController.swift */ = {isa = PBXFileReference; lastKnownFileType = sourcecode.swift; path = ViewController.swift; sourceTree = "<group>"; };
		E431CE842759F63200918CBF /* Base */ = {isa = PBXFileReference; lastKnownFileType = file.storyboard; name = Base; path = Base.lproj/Main.storyboard; sourceTree = "<group>"; };
		E431CE862759F63200918CBF /* Assets.xcassets */ = {isa = PBXFileReference; lastKnownFileType = folder.assetcatalog; path = Assets.xcassets; sourceTree = "<group>"; };
		E431CE892759F63200918CBF /* Base */ = {isa = PBXFileReference; lastKnownFileType = file.storyboard; name = Base; path = Base.lproj/LaunchScreen.storyboard; sourceTree = "<group>"; };
		E431CE8B2759F63200918CBF /* Info.plist */ = {isa = PBXFileReference; lastKnownFileType = text.plist.xml; path = Info.plist; sourceTree = "<group>"; };
		E431CE912759F8D100918CBF /* Colors.swift */ = {isa = PBXFileReference; lastKnownFileType = sourcecode.swift; path = Colors.swift; sourceTree = "<group>"; };
		E431CE93275E2C8300918CBF /* Entity.swift */ = {isa = PBXFileReference; lastKnownFileType = sourcecode.swift; path = Entity.swift; sourceTree = "<group>"; };
		E431CE95275E2D4800918CBF /* API.swift */ = {isa = PBXFileReference; lastKnownFileType = sourcecode.swift; path = API.swift; sourceTree = "<group>"; };
		E44A2629275F36F700A05EC6 /* HealthCheckViewController.swift */ = {isa = PBXFileReference; lastKnownFileType = sourcecode.swift; path = HealthCheckViewController.swift; sourceTree = "<group>"; };
		E4C367612764695F00A566AF /* ChartViewController.swift */ = {isa = PBXFileReference; lastKnownFileType = sourcecode.swift; path = ChartViewController.swift; sourceTree = "<group>"; };
		E4C367632769C3F200A566AF /* CircleChartViewController.swift */ = {isa = PBXFileReference; lastKnownFileType = sourcecode.swift; path = CircleChartViewController.swift; sourceTree = "<group>"; };
/* End PBXFileReference section */

/* Begin PBXFrameworksBuildPhase section */
		E431CE772759F63200918CBF /* Frameworks */ = {
			isa = PBXFrameworksBuildPhase;
			buildActionMask = 2147483647;
			files = (
				7F3E4844D3E2FD5E160CB52D /* Pods_CovidSearch.framework in Frameworks */,
			);
			runOnlyForDeploymentPostprocessing = 0;
		};
/* End PBXFrameworksBuildPhase section */

/* Begin PBXGroup section */
		8E7C740000BDA743A6F9AF1C /* Pods */ = {
			isa = PBXGroup;
			children = (
				6AD8AFA93DDEF0C972A5436B /* Pods-CovidSearch.debug.xcconfig */,
				3BE89B968D4A5D846D759388 /* Pods-CovidSearch.release.xcconfig */,
			);
			path = Pods;
			sourceTree = "<group>";
		};
		D28CD78CE0ECDFDA0A1F0B24 /* Frameworks */ = {
			isa = PBXGroup;
			children = (
				2C5562A1BCB8BCC6479965A6 /* Pods_CovidSearch.framework */,
			);
			name = Frameworks;
			sourceTree = "<group>";
		};
		E42D9917276B176200E8D41D /* ProgramingStart */ = {
			isa = PBXGroup;
			children = (
				E42D9918276B17C600E8D41D /* CovidSingleton.swift */,
			);
			path = ProgramingStart;
			sourceTree = "<group>";
		};
		E431CE712759F63200918CBF = {
			isa = PBXGroup;
			children = (
				E431CE7C2759F63200918CBF /* CovidSearch */,
				E431CE7B2759F63200918CBF /* Products */,
				8E7C740000BDA743A6F9AF1C /* Pods */,
				D28CD78CE0ECDFDA0A1F0B24 /* Frameworks */,
			);
			sourceTree = "<group>";
		};
		E431CE7B2759F63200918CBF /* Products */ = {
			isa = PBXGroup;
			children = (
				E431CE7A2759F63200918CBF /* CovidSearch.app */,
			);
			name = Products;
			sourceTree = "<group>";
		};
		E431CE7C2759F63200918CBF /* CovidSearch */ = {
			isa = PBXGroup;
			children = (
				E42D9917276B176200E8D41D /* ProgramingStart */,
				E431CE7D2759F63200918CBF /* AppDelegate.swift */,
				E431CE7F2759F63200918CBF /* SceneDelegate.swift */,
				E431CE812759F63200918CBF /* ViewController.swift */,
				E431CE93275E2C8300918CBF /* Entity.swift */,
				E431CE95275E2D4800918CBF /* API.swift */,
				E431CE912759F8D100918CBF /* Colors.swift */,
				E431CE832759F63200918CBF /* Main.storyboard */,
				E44A2629275F36F700A05EC6 /* HealthCheckViewController.swift */,
				E4C367612764695F00A566AF /* ChartViewController.swift */,
				E4C367632769C3F200A566AF /* CircleChartViewController.swift */,
				E431CE862759F63200918CBF /* Assets.xcassets */,
				E431CE882759F63200918CBF /* LaunchScreen.storyboard */,
				E431CE8B2759F63200918CBF /* Info.plist */,
			);
			path = CovidSearch;
			sourceTree = "<group>";
		};
/* End PBXGroup section */

/* Begin PBXNativeTarget section */
		E431CE792759F63200918CBF /* CovidSearch */ = {
			isa = PBXNativeTarget;
			buildConfigurationList = E431CE8E2759F63200918CBF /* Build configuration list for PBXNativeTarget "CovidSearch" */;
			buildPhases = (
				3DDEB478222D7142829991BA /* [CP] Check Pods Manifest.lock */,
				E431CE762759F63200918CBF /* Sources */,
				E431CE772759F63200918CBF /* Frameworks */,
				E431CE782759F63200918CBF /* Resources */,
				2005E93872485096086C83D6 /* [CP] Embed Pods Frameworks */,
			);
			buildRules = (
			);
			dependencies = (
			);
			name = CovidSearch;
			productName = CovidSearch;
			productReference = E431CE7A2759F63200918CBF /* CovidSearch.app */;
			productType = "com.apple.product-type.application";
		};
/* End PBXNativeTarget section */

/* Begin PBXProject section */
		E431CE722759F63200918CBF /* Project object */ = {
			isa = PBXProject;
			attributes = {
				BuildIndependentTargetsInParallel = 1;
				LastSwiftUpdateCheck = 1300;
				LastUpgradeCheck = 1300;
				TargetAttributes = {
					E431CE792759F63200918CBF = {
						CreatedOnToolsVersion = 13.0;
					};
				};
			};
			buildConfigurationList = E431CE752759F63200918CBF /* Build configuration list for PBXProject "CovidSearch" */;
			compatibilityVersion = "Xcode 13.0";
			developmentRegion = en;
			hasScannedForEncodings = 0;
			knownRegions = (
				en,
				Base,
			);
			mainGroup = E431CE712759F63200918CBF;
			productRefGroup = E431CE7B2759F63200918CBF /* Products */;
			projectDirPath = "";
			projectRoot = "";
			targets = (
				E431CE792759F63200918CBF /* CovidSearch */,
			);
		};
/* End PBXProject section */

/* Begin PBXResourcesBuildPhase section */
		E431CE782759F63200918CBF /* Resources */ = {
			isa = PBXResourcesBuildPhase;
			buildActionMask = 2147483647;
			files = (
				E431CE8A2759F63200918CBF /* LaunchScreen.storyboard in Resources */,
				E431CE872759F63200918CBF /* Assets.xcassets in Resources */,
				E431CE852759F63200918CBF /* Main.storyboard in Resources */,
			);
			runOnlyForDeploymentPostprocessing = 0;
		};
/* End PBXResourcesBuildPhase section */

/* Begin PBXShellScriptBuildPhase section */
		2005E93872485096086C83D6 /* [CP] Embed Pods Frameworks */ = {
			isa = PBXShellScriptBuildPhase;
			buildActionMask = 2147483647;
			files = (
			);
			inputFileListPaths = (
				"${PODS_ROOT}/Target Support Files/Pods-CovidSearch/Pods-CovidSearch-frameworks-${CONFIGURATION}-input-files.xcfilelist",
			);
			name = "[CP] Embed Pods Frameworks";
			outputFileListPaths = (
				"${PODS_ROOT}/Target Support Files/Pods-CovidSearch/Pods-CovidSearch-frameworks-${CONFIGURATION}-output-files.xcfilelist",
			);
			runOnlyForDeploymentPostprocessing = 0;
			shellPath = /bin/sh;
			shellScript = "\"${PODS_ROOT}/Target Support Files/Pods-CovidSearch/Pods-CovidSearch-frameworks.sh\"\n";
			showEnvVarsInLog = 0;
		};
		3DDEB478222D7142829991BA /* [CP] Check Pods Manifest.lock */ = {
			isa = PBXShellScriptBuildPhase;
			buildActionMask = 2147483647;
			files = (
			);
			inputFileListPaths = (
			);
			inputPaths = (
				"${PODS_PODFILE_DIR_PATH}/Podfile.lock",
				"${PODS_ROOT}/Manifest.lock",
			);
			name = "[CP] Check Pods Manifest.lock";
			outputFileListPaths = (
			);
			outputPaths = (
				"$(DERIVED_FILE_DIR)/Pods-CovidSearch-checkManifestLockResult.txt",
			);
			runOnlyForDeploymentPostprocessing = 0;
			shellPath = /bin/sh;
			shellScript = "diff \"${PODS_PODFILE_DIR_PATH}/Podfile.lock\" \"${PODS_ROOT}/Manifest.lock\" > /dev/null\nif [ $? != 0 ] ; then\n    # print error to STDERR\n    echo \"error: The sandbox is not in sync with the Podfile.lock. Run 'pod install' or update your CocoaPods installation.\" >&2\n    exit 1\nfi\n# This output is used by Xcode 'outputs' to avoid re-running this script phase.\necho \"SUCCESS\" > \"${SCRIPT_OUTPUT_FILE_0}\"\n";
			showEnvVarsInLog = 0;
		};
/* End PBXShellScriptBuildPhase section */

/* Begin PBXSourcesBuildPhase section */
		E431CE762759F63200918CBF /* Sources */ = {
			isa = PBXSourcesBuildPhase;
			buildActionMask = 2147483647;
			files = (
				E431CE822759F63200918CBF /* ViewController.swift in Sources */,
				E431CE94275E2C8300918CBF /* Entity.swift in Sources */,
				E4C367642769C3F200A566AF /* CircleChartViewController.swift in Sources */,
				E44A262A275F36F700A05EC6 /* HealthCheckViewController.swift in Sources */,
				E431CE922759F8D100918CBF /* Colors.swift in Sources */,
				E431CE7E2759F63200918CBF /* AppDelegate.swift in Sources */,
				E4C367622764695F00A566AF /* ChartViewController.swift in Sources */,
				E431CE96275E2D4800918CBF /* API.swift in Sources */,
				E431CE802759F63200918CBF /* SceneDelegate.swift in Sources */,
				E42D9919276B17C600E8D41D /* CovidSingleton.swift in Sources */,
			);
			runOnlyForDeploymentPostprocessing = 0;
		};
/* End PBXSourcesBuildPhase section */

/* Begin PBXVariantGroup section */
		E431CE832759F63200918CBF /* Main.storyboard */ = {
			isa = PBXVariantGroup;
			children = (
				E431CE842759F63200918CBF /* Base */,
			);
			name = Main.storyboard;
			sourceTree = "<group>";
		};
		E431CE882759F63200918CBF /* LaunchScreen.storyboard */ = {
			isa = PBXVariantGroup;
			children = (
				E431CE892759F63200918CBF /* Base */,
			);
			name = LaunchScreen.storyboard;
			sourceTree = "<group>";
		};
/* End PBXVariantGroup section */

/* Begin XCBuildConfiguration section */
		E431CE8C2759F63200918CBF /* Debug */ = {
			isa = XCBuildConfiguration;
			buildSettings = {
				ALWAYS_SEARCH_USER_PATHS = NO;
				CLANG_ANALYZER_NONNULL = YES;
				CLANG_ANALYZER_NUMBER_OBJECT_CONVERSION = YES_AGGRESSIVE;
				CLANG_CXX_LANGUAGE_STANDARD = "gnu++17";
				CLANG_CXX_LIBRARY = "libc++";
				CLANG_ENABLE_MODULES = YES;
				CLANG_ENABLE_OBJC_ARC = YES;
				CLANG_ENABLE_OBJC_WEAK = YES;
				CLANG_WARN_BLOCK_CAPTURE_AUTORELEASING = YES;
				CLANG_WARN_BOOL_CONVERSION = YES;
				CLANG_WARN_COMMA = YES;
				CLANG_WARN_CONSTANT_CONVERSION = YES;
				CLANG_WARN_DEPRECATED_OBJC_IMPLEMENTATIONS = YES;
				CLANG_WARN_DIRECT_OBJC_ISA_USAGE = YES_ERROR;
				CLANG_WARN_DOCUMENTATION_COMMENTS = YES;
				CLANG_WARN_EMPTY_BODY = YES;
				CLANG_WARN_ENUM_CONVERSION = YES;
				CLANG_WARN_INFINITE_RECURSION = YES;
				CLANG_WARN_INT_CONVERSION = YES;
				CLANG_WARN_NON_LITERAL_NULL_CONVERSION = YES;
				CLANG_WARN_OBJC_IMPLICIT_RETAIN_SELF = YES;
				CLANG_WARN_OBJC_LITERAL_CONVERSION = YES;
				CLANG_WARN_OBJC_ROOT_CLASS = YES_ERROR;
				CLANG_WARN_QUOTED_INCLUDE_IN_FRAMEWORK_HEADER = YES;
				CLANG_WARN_RANGE_LOOP_ANALYSIS = YES;
				CLANG_WARN_STRICT_PROTOTYPES = YES;
				CLANG_WARN_SUSPICIOUS_MOVE = YES;
				CLANG_WARN_UNGUARDED_AVAILABILITY = YES_AGGRESSIVE;
				CLANG_WARN_UNREACHABLE_CODE = YES;
				CLANG_WARN__DUPLICATE_METHOD_MATCH = YES;
				COPY_PHASE_STRIP = NO;
				DEBUG_INFORMATION_FORMAT = dwarf;
				ENABLE_STRICT_OBJC_MSGSEND = YES;
				ENABLE_TESTABILITY = YES;
				GCC_C_LANGUAGE_STANDARD = gnu11;
				GCC_DYNAMIC_NO_PIC = NO;
				GCC_NO_COMMON_BLOCKS = YES;
				GCC_OPTIMIZATION_LEVEL = 0;
				GCC_PREPROCESSOR_DEFINITIONS = (
					"DEBUG=1",
					"$(inherited)",
				);
				GCC_WARN_64_TO_32_BIT_CONVERSION = YES;
				GCC_WARN_ABOUT_RETURN_TYPE = YES_ERROR;
				GCC_WARN_UNDECLARED_SELECTOR = YES;
				GCC_WARN_UNINITIALIZED_AUTOS = YES_AGGRESSIVE;
				GCC_WARN_UNUSED_FUNCTION = YES;
				GCC_WARN_UNUSED_VARIABLE = YES;
				IPHONEOS_DEPLOYMENT_TARGET = 15.0;
				MTL_ENABLE_DEBUG_INFO = INCLUDE_SOURCE;
				MTL_FAST_MATH = YES;
				ONLY_ACTIVE_ARCH = YES;
				SDKROOT = iphoneos;
				SWIFT_ACTIVE_COMPILATION_CONDITIONS = DEBUG;
				SWIFT_OPTIMIZATION_LEVEL = "-Onone";
			};
			name = Debug;
		};
		E431CE8D2759F63200918CBF /* Release */ = {
			isa = XCBuildConfiguration;
			buildSettings = {
				ALWAYS_SEARCH_USER_PATHS = NO;
				CLANG_ANALYZER_NONNULL = YES;
				CLANG_ANALYZER_NUMBER_OBJECT_CONVERSION = YES_AGGRESSIVE;
				CLANG_CXX_LANGUAGE_STANDARD = "gnu++17";
				CLANG_CXX_LIBRARY = "libc++";
				CLANG_ENABLE_MODULES = YES;
				CLANG_ENABLE_OBJC_ARC = YES;
				CLANG_ENABLE_OBJC_WEAK = YES;
				CLANG_WARN_BLOCK_CAPTURE_AUTORELEASING = YES;
				CLANG_WARN_BOOL_CONVERSION = YES;
				CLANG_WARN_COMMA = YES;
				CLANG_WARN_CONSTANT_CONVERSION = YES;
				CLANG_WARN_DEPRECATED_OBJC_IMPLEMENTATIONS = YES;
				CLANG_WARN_DIRECT_OBJC_ISA_USAGE = YES_ERROR;
				CLANG_WARN_DOCUMENTATION_COMMENTS = YES;
				CLANG_WARN_EMPTY_BODY = YES;
				CLANG_WARN_ENUM_CONVERSION = YES;
				CLANG_WARN_INFINITE_RECURSION = YES;
				CLANG_WARN_INT_CONVERSION = YES;
				CLANG_WARN_NON_LITERAL_NULL_CONVERSION = YES;
				CLANG_WARN_OBJC_IMPLICIT_RETAIN_SELF = YES;
				CLANG_WARN_OBJC_LITERAL_CONVERSION = YES;
				CLANG_WARN_OBJC_ROOT_CLASS = YES_ERROR;
				CLANG_WARN_QUOTED_INCLUDE_IN_FRAMEWORK_HEADER = YES;
				CLANG_WARN_RANGE_LOOP_ANALYSIS = YES;
				CLANG_WARN_STRICT_PROTOTYPES = YES;
				CLANG_WARN_SUSPICIOUS_MOVE = YES;
				CLANG_WARN_UNGUARDED_AVAILABILITY = YES_AGGRESSIVE;
				CLANG_WARN_UNREACHABLE_CODE = YES;
				CLANG_WARN__DUPLICATE_METHOD_MATCH = YES;
				COPY_PHASE_STRIP = NO;
				DEBUG_INFORMATION_FORMAT = "dwarf-with-dsym";
				ENABLE_NS_ASSERTIONS = NO;
				ENABLE_STRICT_OBJC_MSGSEND = YES;
				GCC_C_LANGUAGE_STANDARD = gnu11;
				GCC_NO_COMMON_BLOCKS = YES;
				GCC_WARN_64_TO_32_BIT_CONVERSION = YES;
				GCC_WARN_ABOUT_RETURN_TYPE = YES_ERROR;
				GCC_WARN_UNDECLARED_SELECTOR = YES;
				GCC_WARN_UNINITIALIZED_AUTOS = YES_AGGRESSIVE;
				GCC_WARN_UNUSED_FUNCTION = YES;
				GCC_WARN_UNUSED_VARIABLE = YES;
				IPHONEOS_DEPLOYMENT_TARGET = 15.0;
				MTL_ENABLE_DEBUG_INFO = NO;
				MTL_FAST_MATH = YES;
				SDKROOT = iphoneos;
				SWIFT_COMPILATION_MODE = wholemodule;
				SWIFT_OPTIMIZATION_LEVEL = "-O";
				VALIDATE_PRODUCT = YES;
			};
			name = Release;
		};
		E431CE8F2759F63200918CBF /* Debug */ = {
			isa = XCBuildConfiguration;
			baseConfigurationReference = 6AD8AFA93DDEF0C972A5436B /* Pods-CovidSearch.debug.xcconfig */;
			buildSettings = {
				ASSETCATALOG_COMPILER_APPICON_NAME = AppIcon;
				ASSETCATALOG_COMPILER_GLOBAL_ACCENT_COLOR_NAME = AccentColor;
				CODE_SIGN_STYLE = Automatic;
				CURRENT_PROJECT_VERSION = 1;
				DEVELOPMENT_TEAM = 5GQXQKTLVL;
				GENERATE_INFOPLIST_FILE = YES;
				INFOPLIST_FILE = CovidSearch/Info.plist;
				INFOPLIST_KEY_UIApplicationSupportsIndirectInputEvents = YES;
				INFOPLIST_KEY_UILaunchStoryboardName = LaunchScreen;
				INFOPLIST_KEY_UIMainStoryboardFile = Main;
				INFOPLIST_KEY_UISupportedInterfaceOrientations_iPad = "UIInterfaceOrientationPortrait UIInterfaceOrientationPortraitUpsideDown UIInterfaceOrientationLandscapeLeft UIInterfaceOrientationLandscapeRight";
				INFOPLIST_KEY_UISupportedInterfaceOrientations_iPhone = "UIInterfaceOrientationPortrait UIInterfaceOrientationLandscapeLeft UIInterfaceOrientationLandscapeRight";
				LD_RUNPATH_SEARCH_PATHS = (
					"$(inherited)",
					"@executable_path/Frameworks",
				);
				MARKETING_VERSION = 1.0;
				PRODUCT_BUNDLE_IDENTIFIER = "Kenichi-Kinoshita.CovidSearch";
				PRODUCT_NAME = "$(TARGET_NAME)";
				SWIFT_EMIT_LOC_STRINGS = YES;
				SWIFT_VERSION = 5.0;
				TARGETED_DEVICE_FAMILY = "1,2";
			};
			name = Debug;
		};
		E431CE902759F63200918CBF /* Release */ = {
			isa = XCBuildConfiguration;
			baseConfigurationReference = 3BE89B968D4A5D846D759388 /* Pods-CovidSearch.release.xcconfig */;
			buildSettings = {
				ASSETCATALOG_COMPILER_APPICON_NAME = AppIcon;
				ASSETCATALOG_COMPILER_GLOBAL_ACCENT_COLOR_NAME = AccentColor;
				CODE_SIGN_STYLE = Automatic;
				CURRENT_PROJECT_VERSION = 1;
				DEVELOPMENT_TEAM = 5GQXQKTLVL;
				GENERATE_INFOPLIST_FILE = YES;
				INFOPLIST_FILE = CovidSearch/Info.plist;
				INFOPLIST_KEY_UIApplicationSupportsIndirectInputEvents = YES;
				INFOPLIST_KEY_UILaunchStoryboardName = LaunchScreen;
				INFOPLIST_KEY_UIMainStoryboardFile = Main;
				INFOPLIST_KEY_UISupportedInterfaceOrientations_iPad = "UIInterfaceOrientationPortrait UIInterfaceOrientationPortraitUpsideDown UIInterfaceOrientationLandscapeLeft UIInterfaceOrientationLandscapeRight";
				INFOPLIST_KEY_UISupportedInterfaceOrientations_iPhone = "UIInterfaceOrientationPortrait UIInterfaceOrientationLandscapeLeft UIInterfaceOrientationLandscapeRight";
				LD_RUNPATH_SEARCH_PATHS = (
					"$(inherited)",
					"@executable_path/Frameworks",
				);
				MARKETING_VERSION = 1.0;
				PRODUCT_BUNDLE_IDENTIFIER = "Kenichi-Kinoshita.CovidSearch";
				PRODUCT_NAME = "$(TARGET_NAME)";
				SWIFT_EMIT_LOC_STRINGS = YES;
				SWIFT_VERSION = 5.0;
				TARGETED_DEVICE_FAMILY = "1,2";
			};
			name = Release;
		};
/* End XCBuildConfiguration section */

/* Begin XCConfigurationList section */
		E431CE752759F63200918CBF /* Build configuration list for PBXProject "CovidSearch" */ = {
			isa = XCConfigurationList;
			buildConfigurations = (
				E431CE8C2759F63200918CBF /* Debug */,
				E431CE8D2759F63200918CBF /* Release */,
			);
			defaultConfigurationIsVisible = 0;
			defaultConfigurationName = Release;
		};
		E431CE8E2759F63200918CBF /* Build configuration list for PBXNativeTarget "CovidSearch" */ = {
			isa = XCConfigurationList;
			buildConfigurations = (
				E431CE8F2759F63200918CBF /* Debug */,
				E431CE902759F63200918CBF /* Release */,
			);
			defaultConfigurationIsVisible = 0;
			defaultConfigurationName = Release;
		};
/* End XCConfigurationList section */
	};
	rootObject = E431CE722759F63200918CBF /* Project object */;
}
